
Microsoft Visual Studio Solution File, Format Version 12.00
# Visual Studio 2015
Project("{FAE04EC0-301F-11D3-BF4B-00C04F79EFBC}") = "SensorSystem.Plugins", "SensorSystem.Plugins.csproj", "{AC6F9E5B-5CAB-0FCA-2E67-51F8B6EB7594}"
EndProject
Project("{FAE04EC0-301F-11D3-BF4B-00C04F79EFBC}") = "SensorSystem", "SensorSystem.csproj", "{EA470D42-89DE-2DA0-39D8-8B846DD7FC2A}"
EndProject
Project("{FAE04EC0-301F-11D3-BF4B-00C04F79EFBC}") = "SensorSystem.Editor", "SensorSystem.Editor.csproj", "{E555E59A-7EC0-D2F1-1C3A-E5564C9FE96B}"
EndProject
Global
	GlobalSection(SolutionConfigurationPlatforms) = preSolution
		Debug|Any CPU = Debug|Any CPU
		Release|Any CPU = Release|Any CPU
	EndGlobalSection
	GlobalSection(ProjectConfigurationPlatforms) = postSolution
		{AC6F9E5B-5CAB-0FCA-2E67-51F8B6EB7594}.Debug|Any CPU.ActiveCfg = Debug|Any CPU
		{AC6F9E5B-5CAB-0FCA-2E67-51F8B6EB7594}.Debug|Any CPU.Build.0 = Debug|Any CPU
		{AC6F9E5B-5CAB-0FCA-2E67-51F8B6EB7594}.Release|Any CPU.ActiveCfg = Release|Any CPU
		{AC6F9E5B-5CAB-0FCA-2E67-51F8B6EB7594}.Release|Any CPU.Build.0 = Release|Any CPU
		{EA470D42-89DE-2DA0-39D8-8B846DD7FC2A}.Debug|Any CPU.ActiveCfg = Debug|Any CPU
		{EA470D42-89DE-2DA0-39D8-8B846DD7FC2A}.Debug|Any CPU.Build.0 = Debug|Any CPU
		{EA470D42-89DE-2DA0-39D8-8B846DD7FC2A}.Release|Any CPU.ActiveCfg = Release|Any CPU
		{EA470D42-89DE-2DA0-39D8-8B846DD7FC2A}.Release|Any CPU.Build.0 = Release|Any CPU
		{E555E59A-7EC0-D2F1-1C3A-E5564C9FE96B}.Debug|Any CPU.ActiveCfg = Debug|Any CPU
		{E555E59A-7EC0-D2F1-1C3A-E5564C9FE96B}.Debug|Any CPU.Build.0 = Debug|Any CPU
		{E555E59A-7EC0-D2F1-1C3A-E5564C9FE96B}.Release|Any CPU.ActiveCfg = Release|Any CPU
		{E555E59A-7EC0-D2F1-1C3A-E5564C9FE96B}.Release|Any CPU.Build.0 = Release|Any CPU
	EndGlobalSection
	GlobalSection(SolutionProperties) = preSolution
		HideSolutionNode = FALSE
	EndGlobalSection
EndGlobal
